
Microsoft Visual Studio Solution File, Format Version 12.00
# Visual Studio Version 17
VisualStudioVersion = 17.14.36401.2
MinimumVisualStudioVersion = 10.0.40219.1
Project("{FAE04EC0-301F-11D3-BF4B-00C04F79EFBC}") = "JobApplicationTracker.WebApi", "JobApplicationTracker.WebApi\JobApplicationTracker.WebApi.csproj", "{66042945-6D00-414F-9636-B0005F630F8A}"
EndProject
Project("{00D1A9C2-B5F0-4AF3-8072-F6C62B433612}") = "JobApplicationTracker.SQL", "JobApplicationTracker.SQL\JobApplicationTracker.SQL.sqlproj", "{B5264DD5-7045-4050-B36D-37FD694989C5}"
EndProject
Global
	GlobalSection(SolutionConfigurationPlatforms) = preSolution
		Debug|Any CPU = Debug|Any CPU
		Release|Any CPU = Release|Any CPU
	EndGlobalSection
	GlobalSection(ProjectConfigurationPlatforms) = postSolution
		{66042945-6D00-414F-9636-B0005F630F8A}.Debug|Any CPU.ActiveCfg = Debug|Any CPU
		{66042945-6D00-414F-9636-B0005F630F8A}.Debug|Any CPU.Build.0 = Debug|Any CPU
		{66042945-6D00-414F-9636-B0005F630F8A}.Release|Any CPU.ActiveCfg = Release|Any CPU
		{66042945-6D00-414F-9636-B0005F630F8A}.Release|Any CPU.Build.0 = Release|Any CPU
		{B5264DD5-7045-4050-B36D-37FD694989C5}.Debug|Any CPU.ActiveCfg = Debug|Any CPU
		{B5264DD5-7045-4050-B36D-37FD694989C5}.Debug|Any CPU.Build.0 = Debug|Any CPU
		{B5264DD5-7045-4050-B36D-37FD694989C5}.Debug|Any CPU.Deploy.0 = Debug|Any CPU
		{B5264DD5-7045-4050-B36D-37FD694989C5}.Release|Any CPU.ActiveCfg = Release|Any CPU
		{B5264DD5-7045-4050-B36D-37FD694989C5}.Release|Any CPU.Build.0 = Release|Any CPU
		{B5264DD5-7045-4050-B36D-37FD694989C5}.Release|Any CPU.Deploy.0 = Release|Any CPU
	EndGlobalSection
	GlobalSection(SolutionProperties) = preSolution
		HideSolutionNode = FALSE
	EndGlobalSection
	GlobalSection(ExtensibilityGlobals) = postSolution
		SolutionGuid = {64723284-1968-4AB8-8AEB-035A711AA455}
	EndGlobalSection
EndGlobal
